
Microsoft Visual Studio Solution File, Format Version 12.00
# Visual Studio Version 17
VisualStudioVersion = 17.2.32630.192
MinimumVisualStudioVersion = 10.0.40219.1
Project("{FAE04EC0-301F-11D3-BF4B-00C04F79EFBC}") = "Dead By Daylight Companion", "Dead By Daylight Companion\Dead By Daylight Companion.csproj", "{6DA7853A-E898-4236-874D-381A3A649A5E}"
EndProject
Global
	GlobalSection(SolutionConfigurationPlatforms) = preSolution
		Debug|x64 = Debug|x64
		Release|x64 = Release|x64
	EndGlobalSection
	GlobalSection(ProjectConfigurationPlatforms) = postSolution
		{6DA7853A-E898-4236-874D-381A3A649A5E}.Debug|x64.ActiveCfg = Debug|Any CPU
		{6DA7853A-E898-4236-874D-381A3A649A5E}.Debug|x64.Build.0 = Debug|Any CPU
		{6DA7853A-E898-4236-874D-381A3A649A5E}.Release|x64.ActiveCfg = Release|Any CPU
		{6DA7853A-E898-4236-874D-381A3A649A5E}.Release|x64.Build.0 = Release|Any CPU
	EndGlobalSection
	GlobalSection(SolutionProperties) = preSolution
		HideSolutionNode = FALSE
	EndGlobalSection
	GlobalSection(ExtensibilityGlobals) = postSolution
		SolutionGuid = {FB72F13B-100F-44DB-8294-207C4FCB23F8}
	EndGlobalSection
EndGlobal
